
Microsoft Visual Studio Solution File, Format Version 12.00
# Visual Studio Version 17
VisualStudioVersion = 17.6.33723.286
MinimumVisualStudioVersion = 10.0.40219.1
Project("{9A19103F-16F7-4668-BE54-9A1E7A4F7556}") = "Model.Gui", "Model.GUI\Model.Gui.csproj", "{1B00D782-264A-4900-9CC9-0700FCD6FDA3}"
EndProject
Project("{2150E333-8FDC-42A3-9474-1A3956D46DE8}") = "Cs", "Cs", "{2C854A05-C370-47A8-AB74-6680E9D9118E}"
EndProject
Project("{2150E333-8FDC-42A3-9474-1A3956D46DE8}") = "Cpp", "Cpp", "{C79A9AD1-61BF-4592-AF3F-F49D4E933983}"
EndProject
Project("{8BC9CEB8-8B4A-11D0-8D11-00A0C91BC942}") = "Model.Render", "Model.Render\Model.Render.vcxproj", "{0209F535-5C05-47C4-A8D0-DA2F3AE6F1C9}"
EndProject
Project("{8BC9CEB8-8B4A-11D0-8D11-00A0C91BC942}") = "Model.Reader", "Model.Reader\Model.Reader.vcxproj", "{D3A48E79-AC96-440F-818B-2C9C8212FE86}"
EndProject
Project("{9A19103F-16F7-4668-BE54-9A1E7A4F7556}") = "Model.Reader.Interop.Cs", "Model.Reader.Interop.Cs\Model.Reader.Interop.Cs.csproj", "{6C980DF7-BC88-423F-81B9-D986E28B6E95}"
EndProject
Project("{2150E333-8FDC-42A3-9474-1A3956D46DE8}") = "Interop", "Interop", "{779D2CB7-F640-401A-A6C4-2B84808FC4DD}"
EndProject
Project("{8BC9CEB8-8B4A-11D0-8D11-00A0C91BC942}") = "Model.Reader.Interop.Cpp", "Model.Reader.Interop.Cpp\Model.Reader.Interop.Cpp.vcxproj", "{EE952557-544B-4C41-AF8D-494406FF1D86}"
EndProject
Project("{8BC9CEB8-8B4A-11D0-8D11-00A0C91BC942}") = "Model.Sampler", "Model.Sampler\Model.Sampler.vcxproj", "{9B93EE81-3434-47A9-83CC-4C106FD020EF}"
EndProject
Global
	GlobalSection(SolutionConfigurationPlatforms) = preSolution
		Debug|Any CPU = Debug|Any CPU
		Debug|x64 = Debug|x64
		Debug|x86 = Debug|x86
		Release|Any CPU = Release|Any CPU
		Release|x64 = Release|x64
		Release|x86 = Release|x86
	EndGlobalSection
	GlobalSection(ProjectConfigurationPlatforms) = postSolution
		{1B00D782-264A-4900-9CC9-0700FCD6FDA3}.Debug|Any CPU.ActiveCfg = Debug|Any CPU
		{1B00D782-264A-4900-9CC9-0700FCD6FDA3}.Debug|Any CPU.Build.0 = Debug|Any CPU
		{1B00D782-264A-4900-9CC9-0700FCD6FDA3}.Debug|x64.ActiveCfg = Release|x64
		{1B00D782-264A-4900-9CC9-0700FCD6FDA3}.Debug|x64.Build.0 = Release|x64
		{1B00D782-264A-4900-9CC9-0700FCD6FDA3}.Debug|x86.ActiveCfg = Debug|Any CPU
		{1B00D782-264A-4900-9CC9-0700FCD6FDA3}.Debug|x86.Build.0 = Debug|Any CPU
		{1B00D782-264A-4900-9CC9-0700FCD6FDA3}.Release|Any CPU.ActiveCfg = Release|Any CPU
		{1B00D782-264A-4900-9CC9-0700FCD6FDA3}.Release|Any CPU.Build.0 = Release|Any CPU
		{1B00D782-264A-4900-9CC9-0700FCD6FDA3}.Release|x64.ActiveCfg = Release|x64
		{1B00D782-264A-4900-9CC9-0700FCD6FDA3}.Release|x64.Build.0 = Release|x64
		{1B00D782-264A-4900-9CC9-0700FCD6FDA3}.Release|x86.ActiveCfg = Release|Any CPU
		{1B00D782-264A-4900-9CC9-0700FCD6FDA3}.Release|x86.Build.0 = Release|Any CPU
		{0209F535-5C05-47C4-A8D0-DA2F3AE6F1C9}.Debug|Any CPU.ActiveCfg = Debug|x64
		{0209F535-5C05-47C4-A8D0-DA2F3AE6F1C9}.Debug|Any CPU.Build.0 = Debug|x64
		{0209F535-5C05-47C4-A8D0-DA2F3AE6F1C9}.Debug|x64.ActiveCfg = Debug|x64
		{0209F535-5C05-47C4-A8D0-DA2F3AE6F1C9}.Debug|x64.Build.0 = Debug|x64
		{0209F535-5C05-47C4-A8D0-DA2F3AE6F1C9}.Debug|x86.ActiveCfg = Debug|Win32
		{0209F535-5C05-47C4-A8D0-DA2F3AE6F1C9}.Debug|x86.Build.0 = Debug|Win32
		{0209F535-5C05-47C4-A8D0-DA2F3AE6F1C9}.Release|Any CPU.ActiveCfg = Release|x64
		{0209F535-5C05-47C4-A8D0-DA2F3AE6F1C9}.Release|Any CPU.Build.0 = Release|x64
		{0209F535-5C05-47C4-A8D0-DA2F3AE6F1C9}.Release|x64.ActiveCfg = Release|x64
		{0209F535-5C05-47C4-A8D0-DA2F3AE6F1C9}.Release|x64.Build.0 = Release|x64
		{0209F535-5C05-47C4-A8D0-DA2F3AE6F1C9}.Release|x86.ActiveCfg = Release|Win32
		{0209F535-5C05-47C4-A8D0-DA2F3AE6F1C9}.Release|x86.Build.0 = Release|Win32
		{D3A48E79-AC96-440F-818B-2C9C8212FE86}.Debug|Any CPU.ActiveCfg = Debug|x64
		{D3A48E79-AC96-440F-818B-2C9C8212FE86}.Debug|Any CPU.Build.0 = Debug|x64
		{D3A48E79-AC96-440F-818B-2C9C8212FE86}.Debug|x64.ActiveCfg = Debug|x64
		{D3A48E79-AC96-440F-818B-2C9C8212FE86}.Debug|x64.Build.0 = Debug|x64
		{D3A48E79-AC96-440F-818B-2C9C8212FE86}.Debug|x86.ActiveCfg = Debug|Win32
		{D3A48E79-AC96-440F-818B-2C9C8212FE86}.Debug|x86.Build.0 = Debug|Win32
		{D3A48E79-AC96-440F-818B-2C9C8212FE86}.Release|Any CPU.ActiveCfg = Release|x64
		{D3A48E79-AC96-440F-818B-2C9C8212FE86}.Release|Any CPU.Build.0 = Release|x64
		{D3A48E79-AC96-440F-818B-2C9C8212FE86}.Release|x64.ActiveCfg = Release|x64
		{D3A48E79-AC96-440F-818B-2C9C8212FE86}.Release|x64.Build.0 = Release|x64
		{D3A48E79-AC96-440F-818B-2C9C8212FE86}.Release|x86.ActiveCfg = Release|Win32
		{D3A48E79-AC96-440F-818B-2C9C8212FE86}.Release|x86.Build.0 = Release|Win32
		{6C980DF7-BC88-423F-81B9-D986E28B6E95}.Debug|Any CPU.ActiveCfg = Debug|Any CPU
		{6C980DF7-BC88-423F-81B9-D986E28B6E95}.Debug|Any CPU.Build.0 = Debug|Any CPU
		{6C980DF7-BC88-423F-81B9-D986E28B6E95}.Debug|x64.ActiveCfg = Debug|Any CPU
		{6C980DF7-BC88-423F-81B9-D986E28B6E95}.Debug|x64.Build.0 = Debug|Any CPU
		{6C980DF7-BC88-423F-81B9-D986E28B6E95}.Debug|x86.ActiveCfg = Debug|Any CPU
		{6C980DF7-BC88-423F-81B9-D986E28B6E95}.Debug|x86.Build.0 = Debug|Any CPU
		{6C980DF7-BC88-423F-81B9-D986E28B6E95}.Release|Any CPU.ActiveCfg = Release|Any CPU
		{6C980DF7-BC88-423F-81B9-D986E28B6E95}.Release|Any CPU.Build.0 = Release|Any CPU
		{6C980DF7-BC88-423F-81B9-D986E28B6E95}.Release|x64.ActiveCfg = Release|x64
		{6C980DF7-BC88-423F-81B9-D986E28B6E95}.Release|x64.Build.0 = Release|x64
		{6C980DF7-BC88-423F-81B9-D986E28B6E95}.Release|x86.ActiveCfg = Release|Any CPU
		{6C980DF7-BC88-423F-81B9-D986E28B6E95}.Release|x86.Build.0 = Release|Any CPU
		{EE952557-544B-4C41-AF8D-494406FF1D86}.Debug|Any CPU.ActiveCfg = Debug|x64
		{EE952557-544B-4C41-AF8D-494406FF1D86}.Debug|Any CPU.Build.0 = Debug|x64
		{EE952557-544B-4C41-AF8D-494406FF1D86}.Debug|x64.ActiveCfg = Debug|x64
		{EE952557-544B-4C41-AF8D-494406FF1D86}.Debug|x64.Build.0 = Debug|x64
		{EE952557-544B-4C41-AF8D-494406FF1D86}.Debug|x86.ActiveCfg = Debug|Win32
		{EE952557-544B-4C41-AF8D-494406FF1D86}.Debug|x86.Build.0 = Debug|Win32
		{EE952557-544B-4C41-AF8D-494406FF1D86}.Release|Any CPU.ActiveCfg = Release|x64
		{EE952557-544B-4C41-AF8D-494406FF1D86}.Release|Any CPU.Build.0 = Release|x64
		{EE952557-544B-4C41-AF8D-494406FF1D86}.Release|x64.ActiveCfg = Release|x64
		{EE952557-544B-4C41-AF8D-494406FF1D86}.Release|x64.Build.0 = Release|x64
		{EE952557-544B-4C41-AF8D-494406FF1D86}.Release|x86.ActiveCfg = Release|Win32
		{EE952557-544B-4C41-AF8D-494406FF1D86}.Release|x86.Build.0 = Release|Win32
		{9B93EE81-3434-47A9-83CC-4C106FD020EF}.Debug|Any CPU.ActiveCfg = Debug|x64
		{9B93EE81-3434-47A9-83CC-4C106FD020EF}.Debug|Any CPU.Build.0 = Debug|x64
		{9B93EE81-3434-47A9-83CC-4C106FD020EF}.Debug|x64.ActiveCfg = Debug|x64
		{9B93EE81-3434-47A9-83CC-4C106FD020EF}.Debug|x64.Build.0 = Debug|x64
		{9B93EE81-3434-47A9-83CC-4C106FD020EF}.Debug|x86.ActiveCfg = Debug|Win32
		{9B93EE81-3434-47A9-83CC-4C106FD020EF}.Debug|x86.Build.0 = Debug|Win32
		{9B93EE81-3434-47A9-83CC-4C106FD020EF}.Release|Any CPU.ActiveCfg = Release|x64
		{9B93EE81-3434-47A9-83CC-4C106FD020EF}.Release|Any CPU.Build.0 = Release|x64
		{9B93EE81-3434-47A9-83CC-4C106FD020EF}.Release|x64.ActiveCfg = Release|x64
		{9B93EE81-3434-47A9-83CC-4C106FD020EF}.Release|x64.Build.0 = Release|x64
		{9B93EE81-3434-47A9-83CC-4C106FD020EF}.Release|x86.ActiveCfg = Release|Win32
		{9B93EE81-3434-47A9-83CC-4C106FD020EF}.Release|x86.Build.0 = Release|Win32
	EndGlobalSection
	GlobalSection(SolutionProperties) = preSolution
		HideSolutionNode = FALSE
	EndGlobalSection
	GlobalSection(NestedProjects) = preSolution
		{0209F535-5C05-47C4-A8D0-DA2F3AE6F1C9} = {C79A9AD1-61BF-4592-AF3F-F49D4E933983}
		{D3A48E79-AC96-440F-818B-2C9C8212FE86} = {C79A9AD1-61BF-4592-AF3F-F49D4E933983}
		{6C980DF7-BC88-423F-81B9-D986E28B6E95} = {779D2CB7-F640-401A-A6C4-2B84808FC4DD}
		{779D2CB7-F640-401A-A6C4-2B84808FC4DD} = {C79A9AD1-61BF-4592-AF3F-F49D4E933983}
		{EE952557-544B-4C41-AF8D-494406FF1D86} = {779D2CB7-F640-401A-A6C4-2B84808FC4DD}
		{9B93EE81-3434-47A9-83CC-4C106FD020EF} = {C79A9AD1-61BF-4592-AF3F-F49D4E933983}
	EndGlobalSection
	GlobalSection(ExtensibilityGlobals) = postSolution
		SolutionGuid = {AFE251DF-28C3-46DB-9D34-61B3CAEE355F}
	EndGlobalSection
EndGlobal
