<?xml version="1.0" encoding="utf-8"?>
<Project ToolsVersion="4.0" xmlns="http://schemas.microsoft.com/developer/msbuild/2003">
  <ItemGroup>
    <Filter Include="Source Files">
      <UniqueIdentifier>{4FC737F1-C7A5-4376-A066-2A32D752A2FF}</UniqueIdentifier>
      <Extensions>cpp;c;cc;cxx;c++;cppm;ixx;def;odl;idl;hpj;bat;asm;asmx</Extensions>
    </Filter>
    <Filter Include="Header Files">
      <UniqueIdentifier>{93995380-89BD-4b04-88EB-625FBE52EBFB}</UniqueIdentifier>
      <Extensions>h;hh;hpp;hxx;h++;hm;inl;inc;ipp;xsd</Extensions>
    </Filter>
    <Filter Include="Resource Files">
      <UniqueIdentifier>{67DA6AB6-F800-4c08-8B7A-83BB121AAD01}</UniqueIdentifier>
      <Extensions>rc;ico;cur;bmp;dlg;rc2;rct;bin;rgs;gif;jpg;jpeg;jpe;resx;tiff;tif;png;wav;mfcribbon-ms</Extensions>
    </Filter>
  </ItemGroup>
  <ItemGroup>
    <ClInclude Include="External\json.hpp">
      <Filter>Header Files</Filter>
    </ClInclude>
    <ClInclude Include="Model\Reader\ModelReader.h">
      <Filter>Header Files</Filter>
    </ClInclude>
    <ClInclude Include="Utilities\Directory.h">
      <Filter>Header Files</Filter>
    </ClInclude>
    <ClInclude Include="Utilities\String.h">
      <Filter>Header Files</Filter>
    </ClInclude>
    <ClInclude Include="Model\Creator\ModelCreator.h">
      <Filter>Header Files</Filter>
    </ClInclude>
    <ClInclude Include="Model\Creator\Surface\SolidReadonlyImage.h">
      <Filter>Header Files</Filter>
    </ClInclude>
    <ClInclude Include="Model\Creator\Surface\UvReadonlyImage.h">
      <Filter>Header Files</Filter>
    </ClInclude>
    <ClInclude Include="Model\Creator\Image\ImageProvider.h">
      <Filter>Header Files</Filter>
    </ClInclude>
    <ClInclude Include="Model\Creator\Image\UriKind.h">
      <Filter>Header Files</Filter>
    </ClInclude>
    <ClInclude Include="Model\Reader\Tokenized\Uv.h">
      <Filter>Header Files</Filter>
    </ClInclude>
    <ClInclude Include="Model\Reader\Tokenized\ElementToken.h">
      <Filter>Header Files</Filter>
    </ClInclude>
    <ClInclude Include="Model\Reader\Tokenized\FaceToken.h">
      <Filter>Header Files</Filter>
    </ClInclude>
    <ClInclude Include="Model\Reader\Tokenized\ModelToken.h">
      <Filter>Header Files</Filter>
    </ClInclude>
    <ClInclude Include="Model\Reader\Tokenized\RotationToken.h">
      <Filter>Header Files</Filter>
    </ClInclude>
    <ClInclude Include="Model\Creator\ModelParameters.h">
      <Filter>Header Files</Filter>
    </ClInclude>
    <ClInclude Include="External\stb_image.h">
      <Filter>Header Files</Filter>
    </ClInclude>
    <ClInclude Include="Model\Creator\Image\LockedBitmap.h">
      <Filter>Header Files</Filter>
    </ClInclude>
    <ClInclude Include="Model\Creator\Image\TickProvider.h">
      <Filter>Header Files</Filter>
    </ClInclude>
    <ClInclude Include="Model\Creator\Image\Animation\Animation.h">
      <Filter>Header Files</Filter>
    </ClInclude>
    <ClInclude Include="Model\Creator\Image\Animation\AnimationProvider.h">
      <Filter>Header Files</Filter>
    </ClInclude>
    <ClInclude Include="Test.h">
      <Filter>Header Files</Filter>
    </ClInclude>
    <ClInclude Include="Model\Creator\Surface\UvImageParameters.h">
      <Filter>Header Files</Filter>
    </ClInclude>
    <ClInclude Include="Blockstate\Reader\BlockstateReader.h">
      <Filter>Header Files</Filter>
    </ClInclude>
    <ClInclude Include="Blockstate\Reader\Tokenized\BlockstateModelToken.h">
      <Filter>Header Files</Filter>
    </ClInclude>
    <ClInclude Include="Blockstate\Reader\Tokenized\VariantToken.h">
      <Filter>Header Files</Filter>
    </ClInclude>
    <ClInclude Include="Blockstate\Reader\Tokenized\MultiModelToken.h">
      <Filter>Header Files</Filter>
    </ClInclude>
    <ClInclude Include="Blockstate\Reader\Tokenized\MultipartToken.h">
      <Filter>Header Files</Filter>
    </ClInclude>
    <ClInclude Include="Blockstate\Reader\Tokenized\CaseToken.h">
      <Filter>Header Files</Filter>
    </ClInclude>
    <ClInclude Include="Blockstate\Reader\Tokenized\ConditionType.h">
      <Filter>Header Files</Filter>
    </ClInclude>
    <ClInclude Include="Blockstate\Reader\Tokenized\BlockstateToken.h">
      <Filter>Header Files</Filter>
    </ClInclude>
    <ClInclude Include="Blockstate\Reader\Tokenized\BlockstateTypeToken.h">
      <Filter>Header Files</Filter>
    </ClInclude>
    <ClInclude Include="Blockstate\Reader\Tokenized\CaseConditionBlockToken.h">
      <Filter>Header Files</Filter>
    </ClInclude>
    <ClInclude Include="Blockstate\Reader\Tokenized\CaseConditionToken.h">
      <Filter>Header Files</Filter>
    </ClInclude>
    <ClInclude Include="Blockstate\SizeCalculator.h">
      <Filter>Header Files</Filter>
    </ClInclude>
    <ClInclude Include="Blockstate\Evaluator.h">
      <Filter>Header Files</Filter>
    </ClInclude>
    <ClInclude Include="Blockstate\Extractor\ModelExtractor.h">
      <Filter>Header Files</Filter>
    </ClInclude>
    <ClInclude Include="Blockstate\Extractor\ExtractedBlockstateModel.h">
      <Filter>Header Files</Filter>
    </ClInclude>
    <ClInclude Include="Blockstate\Extractor\PropertyBlockstate.h">
      <Filter>Header Files</Filter>
    </ClInclude>
  </ItemGroup>
  <ItemGroup>
    <ClCompile Include="Test.cpp">
      <Filter>Source Files</Filter>
    </ClCompile>
  </ItemGroup>
</Project>